
Microsoft Visual Studio Solution File, Format Version 12.00
# Visual Studio Version 17
VisualStudioVersion = 17.4.33403.182
MinimumVisualStudioVersion = 10.0.40219.1
Project("{FAE04EC0-301F-11D3-BF4B-00C04F79EFBC}") = "WebAppAuthIdentity", "WebAppAuthIdentity\WebAppAuthIdentity.csproj", "{2D30A3A2-0B47-4748-97F0-CD500F9B3167}"
EndProject
Global
	GlobalSection(SolutionConfigurationPlatforms) = preSolution
		Debug|Any CPU = Debug|Any CPU
		Release|Any CPU = Release|Any CPU
	EndGlobalSection
	GlobalSection(ProjectConfigurationPlatforms) = postSolution
		{2D30A3A2-0B47-4748-97F0-CD500F9B3167}.Debug|Any CPU.ActiveCfg = Debug|Any CPU
		{2D30A3A2-0B47-4748-97F0-CD500F9B3167}.Debug|Any CPU.Build.0 = Debug|Any CPU
		{2D30A3A2-0B47-4748-97F0-CD500F9B3167}.Release|Any CPU.ActiveCfg = Release|Any CPU
		{2D30A3A2-0B47-4748-97F0-CD500F9B3167}.Release|Any CPU.Build.0 = Release|Any CPU
	EndGlobalSection
	GlobalSection(SolutionProperties) = preSolution
		HideSolutionNode = FALSE
	EndGlobalSection
	GlobalSection(ExtensibilityGlobals) = postSolution
		SolutionGuid = {E2690296-EE1E-4D33-B479-3D9CA3C7E542}
	EndGlobalSection
EndGlobal
