
Microsoft Visual Studio Solution File, Format Version 12.00
# Visual Studio Version 17
VisualStudioVersion = 17.4.33403.182
MinimumVisualStudioVersion = 10.0.40219.1
Project("{FAE04EC0-301F-11D3-BF4B-00C04F79EFBC}") = "LoggingException", "LoggingException\LoggingException.csproj", "{0FF1A32C-7077-4727-8E2D-AE03290A13EE}"
EndProject
Global
	GlobalSection(SolutionConfigurationPlatforms) = preSolution
		Debug|Any CPU = Debug|Any CPU
		Release|Any CPU = Release|Any CPU
	EndGlobalSection
	GlobalSection(ProjectConfigurationPlatforms) = postSolution
		{0FF1A32C-7077-4727-8E2D-AE03290A13EE}.Debug|Any CPU.ActiveCfg = Debug|Any CPU
		{0FF1A32C-7077-4727-8E2D-AE03290A13EE}.Debug|Any CPU.Build.0 = Debug|Any CPU
		{0FF1A32C-7077-4727-8E2D-AE03290A13EE}.Release|Any CPU.ActiveCfg = Release|Any CPU
		{0FF1A32C-7077-4727-8E2D-AE03290A13EE}.Release|Any CPU.Build.0 = Release|Any CPU
	EndGlobalSection
	GlobalSection(SolutionProperties) = preSolution
		HideSolutionNode = FALSE
	EndGlobalSection
	GlobalSection(ExtensibilityGlobals) = postSolution
		SolutionGuid = {C51FEA12-0BB6-4CE3-83B7-89B9B3B907F1}
	EndGlobalSection
EndGlobal
