
Microsoft Visual Studio Solution File, Format Version 12.00
# Visual Studio Version 17
VisualStudioVersion = 17.4.33403.182
MinimumVisualStudioVersion = 10.0.40219.1
Project("{FAE04EC0-301F-11D3-BF4B-00C04F79EFBC}") = "dzCookies", "dzCookies\dzCookies.csproj", "{D6CCE597-134E-4772-9C14-D15C02DA5401}"
EndProject
Global
	GlobalSection(SolutionConfigurationPlatforms) = preSolution
		Debug|Any CPU = Debug|Any CPU
		Release|Any CPU = Release|Any CPU
	EndGlobalSection
	GlobalSection(ProjectConfigurationPlatforms) = postSolution
		{D6CCE597-134E-4772-9C14-D15C02DA5401}.Debug|Any CPU.ActiveCfg = Debug|Any CPU
		{D6CCE597-134E-4772-9C14-D15C02DA5401}.Debug|Any CPU.Build.0 = Debug|Any CPU
		{D6CCE597-134E-4772-9C14-D15C02DA5401}.Release|Any CPU.ActiveCfg = Release|Any CPU
		{D6CCE597-134E-4772-9C14-D15C02DA5401}.Release|Any CPU.Build.0 = Release|Any CPU
	EndGlobalSection
	GlobalSection(SolutionProperties) = preSolution
		HideSolutionNode = FALSE
	EndGlobalSection
	GlobalSection(ExtensibilityGlobals) = postSolution
		SolutionGuid = {63A76A7C-2A42-4A31-BD43-E5DD69CCAE23}
	EndGlobalSection
EndGlobal
