
Microsoft Visual Studio Solution File, Format Version 12.00
# Visual Studio Version 17
VisualStudioVersion = 17.4.33213.308
MinimumVisualStudioVersion = 10.0.40219.1
Project("{9A19103F-16F7-4668-BE54-9A1E7A4F7556}") = "WebApplication1", "WebApplication1\WebApplication1.csproj", "{105DA325-396F-40DD-B4AE-9EE47E90470D}"
EndProject
Global
	GlobalSection(SolutionConfigurationPlatforms) = preSolution
		Debug|Any CPU = Debug|Any CPU
		Release|Any CPU = Release|Any CPU
	EndGlobalSection
	GlobalSection(ProjectConfigurationPlatforms) = postSolution
		{105DA325-396F-40DD-B4AE-9EE47E90470D}.Debug|Any CPU.ActiveCfg = Debug|Any CPU
		{105DA325-396F-40DD-B4AE-9EE47E90470D}.Debug|Any CPU.Build.0 = Debug|Any CPU
		{105DA325-396F-40DD-B4AE-9EE47E90470D}.Release|Any CPU.ActiveCfg = Release|Any CPU
		{105DA325-396F-40DD-B4AE-9EE47E90470D}.Release|Any CPU.Build.0 = Release|Any CPU
	EndGlobalSection
	GlobalSection(SolutionProperties) = preSolution
		HideSolutionNode = FALSE
	EndGlobalSection
	GlobalSection(ExtensibilityGlobals) = postSolution
		SolutionGuid = {D98CE645-325B-47DA-8689-069DF51B1590}
	EndGlobalSection
EndGlobal
